
Microsoft Visual Studio Solution File, Format Version 12.00
Project("{FAE04EC0-301F-11D3-BF4B-00C04F79EFBC}") = "GitHubActions", "GitHubActions\GitHubActions.csproj", "{A6C8099F-4945-4898-80C1-349D1A76BADB}"
EndProject
Project("{FAE04EC0-301F-11D3-BF4B-00C04F79EFBC}") = "GitHubActionsTest", "GitHubActionsTest\GitHubActionsTest.csproj", "{896BFDDB-8153-481D-9375-9902C901C240}"
EndProject
Global
	GlobalSection(SolutionConfigurationPlatforms) = preSolution
		Debug|Any CPU = Debug|Any CPU
		Release|Any CPU = Release|Any CPU
	EndGlobalSection
	GlobalSection(ProjectConfigurationPlatforms) = postSolution
		{A6C8099F-4945-4898-80C1-349D1A76BADB}.Debug|Any CPU.ActiveCfg = Debug|Any CPU
		{A6C8099F-4945-4898-80C1-349D1A76BADB}.Debug|Any CPU.Build.0 = Debug|Any CPU
		{A6C8099F-4945-4898-80C1-349D1A76BADB}.Release|Any CPU.ActiveCfg = Release|Any CPU
		{A6C8099F-4945-4898-80C1-349D1A76BADB}.Release|Any CPU.Build.0 = Release|Any CPU
		{896BFDDB-8153-481D-9375-9902C901C240}.Debug|Any CPU.ActiveCfg = Debug|Any CPU
		{896BFDDB-8153-481D-9375-9902C901C240}.Debug|Any CPU.Build.0 = Debug|Any CPU
		{896BFDDB-8153-481D-9375-9902C901C240}.Release|Any CPU.ActiveCfg = Release|Any CPU
		{896BFDDB-8153-481D-9375-9902C901C240}.Release|Any CPU.Build.0 = Release|Any CPU
	EndGlobalSection
EndGlobal
